// !$*UTF8*$!
{
	archiveVersion = 1;
	classes = {
	};
	objectVersion = 56;
	objects = {

/* Begin PBXBuildFile section */
		865028D8299D605A00556186 /* RecipeSaverApp.swift in Sources */ = {isa = PBXBuildFile; fileRef = 865028D7299D605A00556186 /* RecipeSaverApp.swift */; };
		865028DC299D605C00556186 /* Assets.xcassets in Resources */ = {isa = PBXBuildFile; fileRef = 865028DB299D605C00556186 /* Assets.xcassets */; };
		865028DF299D605C00556186 /* Preview Assets.xcassets in Resources */ = {isa = PBXBuildFile; fileRef = 865028DE299D605C00556186 /* Preview Assets.xcassets */; };
		865028ED299D64D800556186 /* ContentView.swift in Sources */ = {isa = PBXBuildFile; fileRef = 865028D9299D605A00556186 /* ContentView.swift */; };
		865028EF299D651A00556186 /* HomeView.swift in Sources */ = {isa = PBXBuildFile; fileRef = 865028EE299D651A00556186 /* HomeView.swift */; };
		865028F1299D653200556186 /* FavoritesView.swift in Sources */ = {isa = PBXBuildFile; fileRef = 865028F0299D653200556186 /* FavoritesView.swift */; };
		865028F3299D654000556186 /* NewRecipeView.swift in Sources */ = {isa = PBXBuildFile; fileRef = 865028F2299D654000556186 /* NewRecipeView.swift */; };
		865028F5299D655000556186 /* CategoriesView.swift in Sources */ = {isa = PBXBuildFile; fileRef = 865028F4299D655000556186 /* CategoriesView.swift */; };
		865028F7299D655A00556186 /* SettingsView.swift in Sources */ = {isa = PBXBuildFile; fileRef = 865028F6299D655A00556186 /* SettingsView.swift */; };
		865028F9299D668A00556186 /* TabBar.swift in Sources */ = {isa = PBXBuildFile; fileRef = 865028F8299D668A00556186 /* TabBar.swift */; };
		865028FC299D6A7B00556186 /* RecipeModel.swift in Sources */ = {isa = PBXBuildFile; fileRef = 865028FB299D6A7B00556186 /* RecipeModel.swift */; };
		865028FE299D775E00556186 /* RecipeCard.swift in Sources */ = {isa = PBXBuildFile; fileRef = 865028FD299D775E00556186 /* RecipeCard.swift */; };
		86502900299D7BD000556186 /* RecipeList.swift in Sources */ = {isa = PBXBuildFile; fileRef = 865028FF299D7BD000556186 /* RecipeList.swift */; };
		86502902299D801400556186 /* RecipeView.swift in Sources */ = {isa = PBXBuildFile; fileRef = 86502901299D801400556186 /* RecipeView.swift */; };
		86502906299D8F5400556186 /* CategoryView.swift in Sources */ = {isa = PBXBuildFile; fileRef = 86502905299D8F5400556186 /* CategoryView.swift */; };
		86502908299DC8F800556186 /* AddRecipeView.swift in Sources */ = {isa = PBXBuildFile; fileRef = 86502907299DC8F800556186 /* AddRecipeView.swift */; };
		8650290A299DF0CF00556186 /* RecipesViewModel.swift in Sources */ = {isa = PBXBuildFile; fileRef = 86502909299DF0CF00556186 /* RecipesViewModel.swift */; };
		8650290C299E2DC800556186 /* EditRecipeView.swift in Sources */ = {isa = PBXBuildFile; fileRef = 8650290B299E2DC800556186 /* EditRecipeView.swift */; };
/* End PBXBuildFile section */

/* Begin PBXFileReference section */
		865028D4299D605A00556186 /* RecipeSaver.app */ = {isa = PBXFileReference; explicitFileType = wrapper.application; includeInIndex = 0; path = RecipeSaver.app; sourceTree = BUILT_PRODUCTS_DIR; };
		865028D7299D605A00556186 /* RecipeSaverApp.swift */ = {isa = PBXFileReference; lastKnownFileType = sourcecode.swift; path = RecipeSaverApp.swift; sourceTree = "<group>"; };
		865028D9299D605A00556186 /* ContentView.swift */ = {isa = PBXFileReference; lastKnownFileType = sourcecode.swift; path = ContentView.swift; sourceTree = "<group>"; };
		865028DB299D605C00556186 /* Assets.xcassets */ = {isa = PBXFileReference; lastKnownFileType = folder.assetcatalog; path = Assets.xcassets; sourceTree = "<group>"; };
		865028DE299D605C00556186 /* Preview Assets.xcassets */ = {isa = PBXFileReference; lastKnownFileType = folder.assetcatalog; path = "Preview Assets.xcassets"; sourceTree = "<group>"; };
		865028EE299D651A00556186 /* HomeView.swift */ = {isa = PBXFileReference; lastKnownFileType = sourcecode.swift; path = HomeView.swift; sourceTree = "<group>"; };
		865028F0299D653200556186 /* FavoritesView.swift */ = {isa = PBXFileReference; lastKnownFileType = sourcecode.swift; path = FavoritesView.swift; sourceTree = "<group>"; };
		865028F2299D654000556186 /* NewRecipeView.swift */ = {isa = PBXFileReference; lastKnownFileType = sourcecode.swift; path = NewRecipeView.swift; sourceTree = "<group>"; };
		865028F4299D655000556186 /* CategoriesView.swift */ = {isa = PBXFileReference; lastKnownFileType = sourcecode.swift; path = CategoriesView.swift; sourceTree = "<group>"; };
		865028F6299D655A00556186 /* SettingsView.swift */ = {isa = PBXFileReference; lastKnownFileType = sourcecode.swift; path = SettingsView.swift; sourceTree = "<group>"; };
		865028F8299D668A00556186 /* TabBar.swift */ = {isa = PBXFileReference; lastKnownFileType = sourcecode.swift; path = TabBar.swift; sourceTree = "<group>"; };
		865028FA299D683000556186 /* Info.plist */ = {isa = PBXFileReference; lastKnownFileType = text.plist; path = Info.plist; sourceTree = "<group>"; };
		865028FB299D6A7B00556186 /* RecipeModel.swift */ = {isa = PBXFileReference; lastKnownFileType = sourcecode.swift; path = RecipeModel.swift; sourceTree = "<group>"; };
		865028FD299D775E00556186 /* RecipeCard.swift */ = {isa = PBXFileReference; lastKnownFileType = sourcecode.swift; path = RecipeCard.swift; sourceTree = "<group>"; };
		865028FF299D7BD000556186 /* RecipeList.swift */ = {isa = PBXFileReference; lastKnownFileType = sourcecode.swift; path = RecipeList.swift; sourceTree = "<group>"; };
		86502901299D801400556186 /* RecipeView.swift */ = {isa = PBXFileReference; lastKnownFileType = sourcecode.swift; path = RecipeView.swift; sourceTree = "<group>"; };
		86502905299D8F5400556186 /* CategoryView.swift */ = {isa = PBXFileReference; lastKnownFileType = sourcecode.swift; path = CategoryView.swift; sourceTree = "<group>"; };
		86502907299DC8F800556186 /* AddRecipeView.swift */ = {isa = PBXFileReference; lastKnownFileType = sourcecode.swift; path = AddRecipeView.swift; sourceTree = "<group>"; };
		86502909299DF0CF00556186 /* RecipesViewModel.swift */ = {isa = PBXFileReference; lastKnownFileType = sourcecode.swift; path = RecipesViewModel.swift; sourceTree = "<group>"; };
		8650290B299E2DC800556186 /* EditRecipeView.swift */ = {isa = PBXFileReference; lastKnownFileType = sourcecode.swift; path = EditRecipeView.swift; sourceTree = "<group>"; };
/* End PBXFileReference section */

/* Begin PBXFrameworksBuildPhase section */
		865028D1299D605A00556186 /* Frameworks */ = {
			isa = PBXFrameworksBuildPhase;
			buildActionMask = 2147483647;
			files = (
			);
			runOnlyForDeploymentPostprocessing = 0;
		};
/* End PBXFrameworksBuildPhase section */

/* Begin PBXGroup section */
		865028CB299D605A00556186 = {
			isa = PBXGroup;
			children = (
				865028D6299D605A00556186 /* RecipeSaver */,
				865028D5299D605A00556186 /* Products */,
			);
			sourceTree = "<group>";
		};
		865028D5299D605A00556186 /* Products */ = {
			isa = PBXGroup;
			children = (
				865028D4299D605A00556186 /* RecipeSaver.app */,
			);
			name = Products;
			sourceTree = "<group>";
		};
		865028D6299D605A00556186 /* RecipeSaver */ = {
			isa = PBXGroup;
			children = (
				865028FA299D683000556186 /* Info.plist */,
				865028D7299D605A00556186 /* RecipeSaverApp.swift */,
				865028E9299D644C00556186 /* Views */,
				865028E6299D63B800556186 /* ViewModels */,
				865028E5299D63A900556186 /* Models */,
				865028DB299D605C00556186 /* Assets.xcassets */,
				865028DD299D605C00556186 /* Preview Content */,
			);
			path = RecipeSaver;
			sourceTree = "<group>";
		};
		865028DD299D605C00556186 /* Preview Content */ = {
			isa = PBXGroup;
			children = (
				865028DE299D605C00556186 /* Preview Assets.xcassets */,
			);
			path = "Preview Content";
			sourceTree = "<group>";
		};
		865028E5299D63A900556186 /* Models */ = {
			isa = PBXGroup;
			children = (
				865028FB299D6A7B00556186 /* RecipeModel.swift */,
			);
			path = Models;
			sourceTree = "<group>";
		};
		865028E6299D63B800556186 /* ViewModels */ = {
			isa = PBXGroup;
			children = (
				86502909299DF0CF00556186 /* RecipesViewModel.swift */,
			);
			path = ViewModels;
			sourceTree = "<group>";
		};
		865028E9299D644C00556186 /* Views */ = {
			isa = PBXGroup;
			children = (
				865028EA299D647F00556186 /* Main */,
				865028EB299D648D00556186 /* Detail */,
				865028EC299D649900556186 /* Components */,
			);
			path = Views;
			sourceTree = "<group>";
		};
		865028EA299D647F00556186 /* Main */ = {
			isa = PBXGroup;
			children = (
				865028D9299D605A00556186 /* ContentView.swift */,
				865028F8299D668A00556186 /* TabBar.swift */,
				865028EE299D651A00556186 /* HomeView.swift */,
				865028F0299D653200556186 /* FavoritesView.swift */,
				865028F2299D654000556186 /* NewRecipeView.swift */,
				865028F4299D655000556186 /* CategoriesView.swift */,
				865028F6299D655A00556186 /* SettingsView.swift */,
			);
			path = Main;
			sourceTree = "<group>";
		};
		865028EB299D648D00556186 /* Detail */ = {
			isa = PBXGroup;
			children = (
				86502901299D801400556186 /* RecipeView.swift */,
				86502905299D8F5400556186 /* CategoryView.swift */,
				86502907299DC8F800556186 /* AddRecipeView.swift */,
				8650290B299E2DC800556186 /* EditRecipeView.swift */,
			);
			path = Detail;
			sourceTree = "<group>";
		};
		865028EC299D649900556186 /* Components */ = {
			isa = PBXGroup;
			children = (
				865028FD299D775E00556186 /* RecipeCard.swift */,
				865028FF299D7BD000556186 /* RecipeList.swift */,
			);
			path = Components;
			sourceTree = "<group>";
		};
/* End PBXGroup section */

/* Begin PBXNativeTarget section */
		865028D3299D605A00556186 /* RecipeSaver */ = {
			isa = PBXNativeTarget;
			buildConfigurationList = 865028E2299D605C00556186 /* Build configuration list for PBXNativeTarget "RecipeSaver" */;
			buildPhases = (
				865028D0299D605A00556186 /* Sources */,
				865028D1299D605A00556186 /* Frameworks */,
				865028D2299D605A00556186 /* Resources */,
			);
			buildRules = (
			);
			dependencies = (
			);
			name = RecipeSaver;
			productName = RecipeSaver;
			productReference = 865028D4299D605A00556186 /* RecipeSaver.app */;
			productType = "com.apple.product-type.application";
		};
/* End PBXNativeTarget section */

/* Begin PBXProject section */
		865028CC299D605A00556186 /* Project object */ = {
			isa = PBXProject;
			attributes = {
				BuildIndependentTargetsInParallel = 1;
				LastSwiftUpdateCheck = 1420;
				LastUpgradeCheck = 1420;
				TargetAttributes = {
					865028D3299D605A00556186 = {
						CreatedOnToolsVersion = 14.2;
					};
				};
			};
			buildConfigurationList = 865028CF299D605A00556186 /* Build configuration list for PBXProject "RecipeSaver" */;
			compatibilityVersion = "Xcode 14.0";
			developmentRegion = en;
			hasScannedForEncodings = 0;
			knownRegions = (
				en,
				Base,
			);
			mainGroup = 865028CB299D605A00556186;
			productRefGroup = 865028D5299D605A00556186 /* Products */;
			projectDirPath = "";
			projectRoot = "";
			targets = (
				865028D3299D605A00556186 /* RecipeSaver */,
			);
		};
/* End PBXProject section */

/* Begin PBXResourcesBuildPhase section */
		865028D2299D605A00556186 /* Resources */ = {
			isa = PBXResourcesBuildPhase;
			buildActionMask = 2147483647;
			files = (
				865028DF299D605C00556186 /* Preview Assets.xcassets in Resources */,
				865028DC299D605C00556186 /* Assets.xcassets in Resources */,
			);
			runOnlyForDeploymentPostprocessing = 0;
		};
/* End PBXResourcesBuildPhase section */

/* Begin PBXSourcesBuildPhase section */
		865028D0299D605A00556186 /* Sources */ = {
			isa = PBXSourcesBuildPhase;
			buildActionMask = 2147483647;
			files = (
				86502908299DC8F800556186 /* AddRecipeView.swift in Sources */,
				865028F7299D655A00556186 /* SettingsView.swift in Sources */,
				865028FE299D775E00556186 /* RecipeCard.swift in Sources */,
				865028F1299D653200556186 /* FavoritesView.swift in Sources */,
				865028F3299D654000556186 /* NewRecipeView.swift in Sources */,
				865028F9299D668A00556186 /* TabBar.swift in Sources */,
				86502906299D8F5400556186 /* CategoryView.swift in Sources */,
				865028F5299D655000556186 /* CategoriesView.swift in Sources */,
				8650290C299E2DC800556186 /* EditRecipeView.swift in Sources */,
				86502902299D801400556186 /* RecipeView.swift in Sources */,
				86502900299D7BD000556186 /* RecipeList.swift in Sources */,
				865028EF299D651A00556186 /* HomeView.swift in Sources */,
				865028ED299D64D800556186 /* ContentView.swift in Sources */,
				8650290A299DF0CF00556186 /* RecipesViewModel.swift in Sources */,
				865028D8299D605A00556186 /* RecipeSaverApp.swift in Sources */,
				865028FC299D6A7B00556186 /* RecipeModel.swift in Sources */,
			);
			runOnlyForDeploymentPostprocessing = 0;
		};
/* End PBXSourcesBuildPhase section */

/* Begin XCBuildConfiguration section */
		865028E0299D605C00556186 /* Debug */ = {
			isa = XCBuildConfiguration;
			buildSettings = {
				ALWAYS_SEARCH_USER_PATHS = NO;
				CLANG_ANALYZER_NONNULL = YES;
				CLANG_ANALYZER_NUMBER_OBJECT_CONVERSION = YES_AGGRESSIVE;
				CLANG_CXX_LANGUAGE_STANDARD = "gnu++20";
				CLANG_ENABLE_MODULES = YES;
				CLANG_ENABLE_OBJC_ARC = YES;
				CLANG_ENABLE_OBJC_WEAK = YES;
				CLANG_WARN_BLOCK_CAPTURE_AUTORELEASING = YES;
				CLANG_WARN_BOOL_CONVERSION = YES;
				CLANG_WARN_COMMA = YES;
				CLANG_WARN_CONSTANT_CONVERSION = YES;
				CLANG_WARN_DEPRECATED_OBJC_IMPLEMENTATIONS = YES;
				CLANG_WARN_DIRECT_OBJC_ISA_USAGE = YES_ERROR;
				CLANG_WARN_DOCUMENTATION_COMMENTS = YES;
				CLANG_WARN_EMPTY_BODY = YES;
				CLANG_WARN_ENUM_CONVERSION = YES;
				CLANG_WARN_INFINITE_RECURSION = YES;
				CLANG_WARN_INT_CONVERSION = YES;
				CLANG_WARN_NON_LITERAL_NULL_CONVERSION = YES;
				CLANG_WARN_OBJC_IMPLICIT_RETAIN_SELF = YES;
				CLANG_WARN_OBJC_LITERAL_CONVERSION = YES;
				CLANG_WARN_OBJC_ROOT_CLASS = YES_ERROR;
				CLANG_WARN_QUOTED_INCLUDE_IN_FRAMEWORK_HEADER = YES;
				CLANG_WARN_RANGE_LOOP_ANALYSIS = YES;
				CLANG_WARN_STRICT_PROTOTYPES = YES;
				CLANG_WARN_SUSPICIOUS_MOVE = YES;
				CLANG_WARN_UNGUARDED_AVAILABILITY = YES_AGGRESSIVE;
				CLANG_WARN_UNREACHABLE_CODE = YES;
				CLANG_WARN__DUPLICATE_METHOD_MATCH = YES;
				COPY_PHASE_STRIP = NO;
				DEBUG_INFORMATION_FORMAT = dwarf;
				ENABLE_STRICT_OBJC_MSGSEND = YES;
				ENABLE_TESTABILITY = YES;
				GCC_C_LANGUAGE_STANDARD = gnu11;
				GCC_DYNAMIC_NO_PIC = NO;
				GCC_NO_COMMON_BLOCKS = YES;
				GCC_OPTIMIZATION_LEVEL = 0;
				GCC_PREPROCESSOR_DEFINITIONS = (
					"DEBUG=1",
					"$(inherited)",
				);
				GCC_WARN_64_TO_32_BIT_CONVERSION = YES;
				GCC_WARN_ABOUT_RETURN_TYPE = YES_ERROR;
				GCC_WARN_UNDECLARED_SELECTOR = YES;
				GCC_WARN_UNINITIALIZED_AUTOS = YES_AGGRESSIVE;
				GCC_WARN_UNUSED_FUNCTION = YES;
				GCC_WARN_UNUSED_VARIABLE = YES;
				IPHONEOS_DEPLOYMENT_TARGET = 16.2;
				MTL_ENABLE_DEBUG_INFO = INCLUDE_SOURCE;
				MTL_FAST_MATH = YES;
				ONLY_ACTIVE_ARCH = YES;
				SDKROOT = iphoneos;
				SWIFT_ACTIVE_COMPILATION_CONDITIONS = DEBUG;
				SWIFT_OPTIMIZATION_LEVEL = "-Onone";
			};
			name = Debug;
		};
		865028E1299D605C00556186 /* Release */ = {
			isa = XCBuildConfiguration;
			buildSettings = {
				ALWAYS_SEARCH_USER_PATHS = NO;
				CLANG_ANALYZER_NONNULL = YES;
				CLANG_ANALYZER_NUMBER_OBJECT_CONVERSION = YES_AGGRESSIVE;
				CLANG_CXX_LANGUAGE_STANDARD = "gnu++20";
				CLANG_ENABLE_MODULES = YES;
				CLANG_ENABLE_OBJC_ARC = YES;
				CLANG_ENABLE_OBJC_WEAK = YES;
				CLANG_WARN_BLOCK_CAPTURE_AUTORELEASING = YES;
				CLANG_WARN_BOOL_CONVERSION = YES;
				CLANG_WARN_COMMA = YES;
				CLANG_WARN_CONSTANT_CONVERSION = YES;
				CLANG_WARN_DEPRECATED_OBJC_IMPLEMENTATIONS = YES;
				CLANG_WARN_DIRECT_OBJC_ISA_USAGE = YES_ERROR;
				CLANG_WARN_DOCUMENTATION_COMMENTS = YES;
				CLANG_WARN_EMPTY_BODY = YES;
				CLANG_WARN_ENUM_CONVERSION = YES;
				CLANG_WARN_INFINITE_RECURSION = YES;
				CLANG_WARN_INT_CONVERSION = YES;
				CLANG_WARN_NON_LITERAL_NULL_CONVERSION = YES;
				CLANG_WARN_OBJC_IMPLICIT_RETAIN_SELF = YES;
				CLANG_WARN_OBJC_LITERAL_CONVERSION = YES;
				CLANG_WARN_OBJC_ROOT_CLASS = YES_ERROR;
				CLANG_WARN_QUOTED_INCLUDE_IN_FRAMEWORK_HEADER = YES;
				CLANG_WARN_RANGE_LOOP_ANALYSIS = YES;
				CLANG_WARN_STRICT_PROTOTYPES = YES;
				CLANG_WARN_SUSPICIOUS_MOVE = YES;
				CLANG_WARN_UNGUARDED_AVAILABILITY = YES_AGGRESSIVE;
				CLANG_WARN_UNREACHABLE_CODE = YES;
				CLANG_WARN__DUPLICATE_METHOD_MATCH = YES;
				COPY_PHASE_STRIP = NO;
				DEBUG_INFORMATION_FORMAT = "dwarf-with-dsym";
				ENABLE_NS_ASSERTIONS = NO;
				ENABLE_STRICT_OBJC_MSGSEND = YES;
				GCC_C_LANGUAGE_STANDARD = gnu11;
				GCC_NO_COMMON_BLOCKS = YES;
				GCC_WARN_64_TO_32_BIT_CONVERSION = YES;
				GCC_WARN_ABOUT_RETURN_TYPE = YES_ERROR;
				GCC_WARN_UNDECLARED_SELECTOR = YES;
				GCC_WARN_UNINITIALIZED_AUTOS = YES_AGGRESSIVE;
				GCC_WARN_UNUSED_FUNCTION = YES;
				GCC_WARN_UNUSED_VARIABLE = YES;
				IPHONEOS_DEPLOYMENT_TARGET = 16.2;
				MTL_ENABLE_DEBUG_INFO = NO;
				MTL_FAST_MATH = YES;
				SDKROOT = iphoneos;
				SWIFT_COMPILATION_MODE = wholemodule;
				SWIFT_OPTIMIZATION_LEVEL = "-O";
				VALIDATE_PRODUCT = YES;
			};
			name = Release;
		};
		865028E3299D605C00556186 /* Debug */ = {
			isa = XCBuildConfiguration;
			buildSettings = {
				ASSETCATALOG_COMPILER_APPICON_NAME = AppIcon;
				ASSETCATALOG_COMPILER_GLOBAL_ACCENT_COLOR_NAME = AccentColor;
				CODE_SIGN_STYLE = Automatic;
				CURRENT_PROJECT_VERSION = 1;
				DEVELOPMENT_ASSET_PATHS = "\"RecipeSaver/Preview Content\"";
				DEVELOPMENT_TEAM = ZJBT7VM4WJ;
				ENABLE_PREVIEWS = YES;
				GENERATE_INFOPLIST_FILE = YES;
				INFOPLIST_FILE = RecipeSaver/Info.plist;
				INFOPLIST_KEY_CFBundleDisplayName = "";
				INFOPLIST_KEY_UIApplicationSupportsIndirectInputEvents = YES;
				INFOPLIST_KEY_UILaunchScreen_Generation = YES;
				INFOPLIST_KEY_UISupportedInterfaceOrientations_iPad = "UIInterfaceOrientationPortrait UIInterfaceOrientationPortraitUpsideDown UIInterfaceOrientationLandscapeLeft UIInterfaceOrientationLandscapeRight";
				INFOPLIST_KEY_UISupportedInterfaceOrientations_iPhone = "UIInterfaceOrientationPortrait UIInterfaceOrientationLandscapeLeft UIInterfaceOrientationLandscapeRight";
				LD_RUNPATH_SEARCH_PATHS = (
					"$(inherited)",
					"@executable_path/Frameworks",
				);
				MARKETING_VERSION = 1.0;
				PRODUCT_BUNDLE_IDENTIFIER = com.geo.RecipeSaver;
				PRODUCT_NAME = "$(TARGET_NAME)";
				SWIFT_EMIT_LOC_STRINGS = YES;
				SWIFT_VERSION = 5.0;
				TARGETED_DEVICE_FAMILY = "1,2";
			};
			name = Debug;
		};
		865028E4299D605C00556186 /* Release */ = {
			isa = XCBuildConfiguration;
			buildSettings = {
				ASSETCATALOG_COMPILER_APPICON_NAME = AppIcon;
				ASSETCATALOG_COMPILER_GLOBAL_ACCENT_COLOR_NAME = AccentColor;
				CODE_SIGN_STYLE = Automatic;
				CURRENT_PROJECT_VERSION = 1;
				DEVELOPMENT_ASSET_PATHS = "\"RecipeSaver/Preview Content\"";
				DEVELOPMENT_TEAM = ZJBT7VM4WJ;
				ENABLE_PREVIEWS = YES;
				GENERATE_INFOPLIST_FILE = YES;
				INFOPLIST_FILE = RecipeSaver/Info.plist;
				INFOPLIST_KEY_CFBundleDisplayName = "";
				INFOPLIST_KEY_UIApplicationSupportsIndirectInputEvents = YES;
				INFOPLIST_KEY_UILaunchScreen_Generation = YES;
				INFOPLIST_KEY_UISupportedInterfaceOrientations_iPad = "UIInterfaceOrientationPortrait UIInterfaceOrientationPortraitUpsideDown UIInterfaceOrientationLandscapeLeft UIInterfaceOrientationLandscapeRight";
				INFOPLIST_KEY_UISupportedInterfaceOrientations_iPhone = "UIInterfaceOrientationPortrait UIInterfaceOrientationLandscapeLeft UIInterfaceOrientationLandscapeRight";
				LD_RUNPATH_SEARCH_PATHS = (
					"$(inherited)",
					"@executable_path/Frameworks",
				);
				MARKETING_VERSION = 1.0;
				PRODUCT_BUNDLE_IDENTIFIER = com.geo.RecipeSaver;
				PRODUCT_NAME = "$(TARGET_NAME)";
				SWIFT_EMIT_LOC_STRINGS = YES;
				SWIFT_VERSION = 5.0;
				TARGETED_DEVICE_FAMILY = "1,2";
			};
			name = Release;
		};
/* End XCBuildConfiguration section */

/* Begin XCConfigurationList section */
		865028CF299D605A00556186 /* Build configuration list for PBXProject "RecipeSaver" */ = {
			isa = XCConfigurationList;
			buildConfigurations = (
				865028E0299D605C00556186 /* Debug */,
				865028E1299D605C00556186 /* Release */,
			);
			defaultConfigurationIsVisible = 0;
			defaultConfigurationName = Release;
		};
		865028E2299D605C00556186 /* Build configuration list for PBXNativeTarget "RecipeSaver" */ = {
			isa = XCConfigurationList;
			buildConfigurations = (
				865028E3299D605C00556186 /* Debug */,
				865028E4299D605C00556186 /* Release */,
			);
			defaultConfigurationIsVisible = 0;
			defaultConfigurationName = Release;
		};
/* End XCConfigurationList section */
	};
	rootObject = 865028CC299D605A00556186 /* Project object */;
}
